// !$*UTF8*$!
{
	archiveVersion = 1;
	classes = {
	};
	objectVersion = 51;
	objects = {

/* Begin PBXBuildFile section */
		0447DCD72402998D00AF8210 /* KeychainService.swift in Sources */ = {isa = PBXBuildFile; fileRef = 0447DCD62402998D00AF8210 /* KeychainService.swift */; };
		0447DCD92402A45400AF8210 /* AppConfiguration.swift in Sources */ = {isa = PBXBuildFile; fileRef = 0447DCD82402A45400AF8210 /* AppConfiguration.swift */; };
		0447DCE02402A84A00AF8210 /* DocumentListViewModel.swift in Sources */ = {isa = PBXBuildFile; fileRef = 0447DCDB2402A84A00AF8210 /* DocumentListViewModel.swift */; };
		0447DCE12402A84A00AF8210 /* DocumentListViewController.swift in Sources */ = {isa = PBXBuildFile; fileRef = 0447DCDC2402A84A00AF8210 /* DocumentListViewController.swift */; };
		0447DCE22402A84A00AF8210 /* DocumentListConfigurator.swift in Sources */ = {isa = PBXBuildFile; fileRef = 0447DCDD2402A84A00AF8210 /* DocumentListConfigurator.swift */; };
		0447DCE32402A84A00AF8210 /* DocumentListRouter.swift in Sources */ = {isa = PBXBuildFile; fileRef = 0447DCDE2402A84A00AF8210 /* DocumentListRouter.swift */; };
		0447DCE42402A84A00AF8210 /* DocumentListViewController.xib in Resources */ = {isa = PBXBuildFile; fileRef = 0447DCDF2402A84A00AF8210 /* DocumentListViewController.xib */; };
		045CC2582402DBFB00E90ED2 /* UINavigationController+setTransparent.swift in Sources */ = {isa = PBXBuildFile; fileRef = 045CC2572402DBFB00E90ED2 /* UINavigationController+setTransparent.swift */; };
		045CC2592402DC9200E90ED2 /* Localizable.strings in Resources */ = {isa = PBXBuildFile; fileRef = 045CC25B2402DC9200E90ED2 /* Localizable.strings */; };
		045CC2602402EA4800E90ED2 /* User.swift in Sources */ = {isa = PBXBuildFile; fileRef = 045CC25F2402EA4800E90ED2 /* User.swift */; };
		045CC2632402FCF400E90ED2 /* DocumentItem.swift in Sources */ = {isa = PBXBuildFile; fileRef = 045CC2622402FCF400E90ED2 /* DocumentItem.swift */; };
		045CC2652402FCFC00E90ED2 /* DocumentItemResponse.swift in Sources */ = {isa = PBXBuildFile; fileRef = 045CC2642402FCFC00E90ED2 /* DocumentItemResponse.swift */; };
		045CC269240300E300E90ED2 /* DocumentListResponse.swift in Sources */ = {isa = PBXBuildFile; fileRef = 045CC268240300E300E90ED2 /* DocumentListResponse.swift */; };
		045CC26D240302D300E90ED2 /* DocumentListError.swift in Sources */ = {isa = PBXBuildFile; fileRef = 045CC26C240302D300E90ED2 /* DocumentListError.swift */; };
		045CC27324030A4500E90ED2 /* DocumentItemTableCell.swift in Sources */ = {isa = PBXBuildFile; fileRef = 045CC27124030A4500E90ED2 /* DocumentItemTableCell.swift */; };
		045CC27424030A4500E90ED2 /* DocumentItemTableCell.xib in Resources */ = {isa = PBXBuildFile; fileRef = 045CC27224030A4500E90ED2 /* DocumentItemTableCell.xib */; };
		045CC27624030A5400E90ED2 /* DocumentItemCellModel.swift in Sources */ = {isa = PBXBuildFile; fileRef = 045CC27524030A5400E90ED2 /* DocumentItemCellModel.swift */; };
		045EDCB523F83B2700770FFC /* CollectionCell.swift in Sources */ = {isa = PBXBuildFile; fileRef = 045EDC8023F83B2700770FFC /* CollectionCell.swift */; };
		045EDCB623F83B2700770FFC /* CollectionCellModel.swift in Sources */ = {isa = PBXBuildFile; fileRef = 045EDC8123F83B2700770FFC /* CollectionCellModel.swift */; };
		045EDCB723F83B2700770FFC /* TableCell.swift in Sources */ = {isa = PBXBuildFile; fileRef = 045EDC8323F83B2700770FFC /* TableCell.swift */; };
		045EDCB823F83B2700770FFC /* TableCellModel.swift in Sources */ = {isa = PBXBuildFile; fileRef = 045EDC8423F83B2700770FFC /* TableCellModel.swift */; };
		045EDCBC23F83B2700770FFC /* AppDefaults.swift in Sources */ = {isa = PBXBuildFile; fileRef = 045EDC8C23F83B2700770FFC /* AppDefaults.swift */; };
		045EDCBD23F83B2700770FFC /* AppManager.swift in Sources */ = {isa = PBXBuildFile; fileRef = 045EDC8D23F83B2700770FFC /* AppManager.swift */; };
		045EDCBE23F83B2700770FFC /* AppDelegate.swift in Sources */ = {isa = PBXBuildFile; fileRef = 045EDC8E23F83B2700770FFC /* AppDelegate.swift */; };
		045EDCC023F83B2700770FFC /* Stylable.swift in Sources */ = {isa = PBXBuildFile; fileRef = 045EDC9323F83B2700770FFC /* Stylable.swift */; };
		045EDCC123F83B2700770FFC /* StyleWrapper.swift in Sources */ = {isa = PBXBuildFile; fileRef = 045EDC9423F83B2700770FFC /* StyleWrapper.swift */; };
		045EDCC223F83B2700770FFC /* AppTheme.swift in Sources */ = {isa = PBXBuildFile; fileRef = 045EDC9523F83B2700770FFC /* AppTheme.swift */; };
		045EDCC323F83B2700770FFC /* PTRootUI.swift in Sources */ = {isa = PBXBuildFile; fileRef = 045EDC9823F83B2700770FFC /* PTRootUI.swift */; };
		045EDCC423F83B2700770FFC /* PT Root UI_Light.otf in Resources */ = {isa = PBXBuildFile; fileRef = 045EDC9923F83B2700770FFC /* PT Root UI_Light.otf */; };
		045EDCC523F83B2700770FFC /* PT Root UI_Regular.otf in Resources */ = {isa = PBXBuildFile; fileRef = 045EDC9A23F83B2700770FFC /* PT Root UI_Regular.otf */; };
		045EDCC623F83B2700770FFC /* PT Root UI_Bold.otf in Resources */ = {isa = PBXBuildFile; fileRef = 045EDC9B23F83B2700770FFC /* PT Root UI_Bold.otf */; };
		045EDCC723F83B2700770FFC /* PT Root UI_Medium.otf in Resources */ = {isa = PBXBuildFile; fileRef = 045EDC9C23F83B2700770FFC /* PT Root UI_Medium.otf */; };
		045EDCC823F83B2700770FFC /* Assets.xcassets in Resources */ = {isa = PBXBuildFile; fileRef = 045EDC9E23F83B2700770FFC /* Assets.xcassets */; };
		045EDCC923F83B2700770FFC /* AppAssets.swift in Sources */ = {isa = PBXBuildFile; fileRef = 045EDC9F23F83B2700770FFC /* AppAssets.swift */; };
		045EDCCB23F83B2700770FFC /* UITableView+registerClass.swift in Sources */ = {isa = PBXBuildFile; fileRef = 045EDCA423F83B2700770FFC /* UITableView+registerClass.swift */; };
		045EDCCC23F83B2700770FFC /* String+localized.swift in Sources */ = {isa = PBXBuildFile; fileRef = 045EDCA523F83B2700770FFC /* String+localized.swift */; };
		045EDCCD23F83B2700770FFC /* UIColor+hex.swift in Sources */ = {isa = PBXBuildFile; fileRef = 045EDCA623F83B2700770FFC /* UIColor+hex.swift */; };
		045EDCCE23F83B2700770FFC /* UIViewController+identifier.swift in Sources */ = {isa = PBXBuildFile; fileRef = 045EDCA723F83B2700770FFC /* UIViewController+identifier.swift */; };
		045EDCCF23F83B2700770FFC /* String+className.swift in Sources */ = {isa = PBXBuildFile; fileRef = 045EDCA823F83B2700770FFC /* String+className.swift */; };
		045EDCD023F83B2700770FFC /* InitialViewModel.swift in Sources */ = {isa = PBXBuildFile; fileRef = 045EDCAC23F83B2700770FFC /* InitialViewModel.swift */; };
		045EDCD123F83B2700770FFC /* InitialViewController.swift in Sources */ = {isa = PBXBuildFile; fileRef = 045EDCAD23F83B2700770FFC /* InitialViewController.swift */; };
		045EDCD223F83B2700770FFC /* InitialRouter.swift in Sources */ = {isa = PBXBuildFile; fileRef = 045EDCAE23F83B2700770FFC /* InitialRouter.swift */; };
		045EDCD323F83B2700770FFC /* InitialConfigurator.swift in Sources */ = {isa = PBXBuildFile; fileRef = 045EDCAF23F83B2700770FFC /* InitialConfigurator.swift */; };
		045EDCD423F83B2700770FFC /* InitialViewController.xib in Resources */ = {isa = PBXBuildFile; fileRef = 045EDCB023F83B2700770FFC /* InitialViewController.xib */; };
		045EDCD523F83B2700770FFC /* BasicNavigationController.swift in Sources */ = {isa = PBXBuildFile; fileRef = 045EDCB223F83B2700770FFC /* BasicNavigationController.swift */; };
		045EDCD823F83E2500770FFC /* LaunchScreen.storyboard in Resources */ = {isa = PBXBuildFile; fileRef = 045EDC7323F83AD800770FFC /* LaunchScreen.storyboard */; };
		7D0E889F2C237DD21BE3A3EA /* Pods_VK_Document_List.framework in Frameworks */ = {isa = PBXBuildFile; fileRef = F31A81AF5271B2EC9B482EE5 /* Pods_VK_Document_List.framework */; };
/* End PBXBuildFile section */

/* Begin PBXFileReference section */
		0447DCD62402998D00AF8210 /* KeychainService.swift */ = {isa = PBXFileReference; lastKnownFileType = sourcecode.swift; path = KeychainService.swift; sourceTree = "<group>"; };
		0447DCD82402A45400AF8210 /* AppConfiguration.swift */ = {isa = PBXFileReference; lastKnownFileType = sourcecode.swift; path = AppConfiguration.swift; sourceTree = "<group>"; };
		0447DCDB2402A84A00AF8210 /* DocumentListViewModel.swift */ = {isa = PBXFileReference; lastKnownFileType = sourcecode.swift; path = DocumentListViewModel.swift; sourceTree = "<group>"; };
		0447DCDC2402A84A00AF8210 /* DocumentListViewController.swift */ = {isa = PBXFileReference; lastKnownFileType = sourcecode.swift; path = DocumentListViewController.swift; sourceTree = "<group>"; };
		0447DCDD2402A84A00AF8210 /* DocumentListConfigurator.swift */ = {isa = PBXFileReference; lastKnownFileType = sourcecode.swift; path = DocumentListConfigurator.swift; sourceTree = "<group>"; };
		0447DCDE2402A84A00AF8210 /* DocumentListRouter.swift */ = {isa = PBXFileReference; lastKnownFileType = sourcecode.swift; path = DocumentListRouter.swift; sourceTree = "<group>"; };
		0447DCDF2402A84A00AF8210 /* DocumentListViewController.xib */ = {isa = PBXFileReference; lastKnownFileType = file.xib; path = DocumentListViewController.xib; sourceTree = "<group>"; };
		045CC2572402DBFB00E90ED2 /* UINavigationController+setTransparent.swift */ = {isa = PBXFileReference; lastKnownFileType = sourcecode.swift; path = "UINavigationController+setTransparent.swift"; sourceTree = "<group>"; };
		045CC25A2402DC9200E90ED2 /* en */ = {isa = PBXFileReference; lastKnownFileType = text.plist.strings; name = en; path = en.lproj/Localizable.strings; sourceTree = "<group>"; };
		045CC25C2402DD0A00E90ED2 /* ru-RU */ = {isa = PBXFileReference; lastKnownFileType = text.plist.strings; name = "ru-RU"; path = "ru-RU.lproj/LaunchScreen.strings"; sourceTree = "<group>"; };
		045CC25D2402DD0A00E90ED2 /* ru-RU */ = {isa = PBXFileReference; lastKnownFileType = text.plist.strings; name = "ru-RU"; path = "ru-RU.lproj/Localizable.strings"; sourceTree = "<group>"; };
		045CC25F2402EA4800E90ED2 /* User.swift */ = {isa = PBXFileReference; lastKnownFileType = sourcecode.swift; path = User.swift; sourceTree = "<group>"; };
		045CC2622402FCF400E90ED2 /* DocumentItem.swift */ = {isa = PBXFileReference; lastKnownFileType = sourcecode.swift; path = DocumentItem.swift; sourceTree = "<group>"; };
		045CC2642402FCFC00E90ED2 /* DocumentItemResponse.swift */ = {isa = PBXFileReference; lastKnownFileType = sourcecode.swift; path = DocumentItemResponse.swift; sourceTree = "<group>"; };
		045CC268240300E300E90ED2 /* DocumentListResponse.swift */ = {isa = PBXFileReference; lastKnownFileType = sourcecode.swift; path = DocumentListResponse.swift; sourceTree = "<group>"; };
		045CC26C240302D300E90ED2 /* DocumentListError.swift */ = {isa = PBXFileReference; lastKnownFileType = sourcecode.swift; path = DocumentListError.swift; sourceTree = "<group>"; };
		045CC27124030A4500E90ED2 /* DocumentItemTableCell.swift */ = {isa = PBXFileReference; lastKnownFileType = sourcecode.swift; path = DocumentItemTableCell.swift; sourceTree = "<group>"; };
		045CC27224030A4500E90ED2 /* DocumentItemTableCell.xib */ = {isa = PBXFileReference; lastKnownFileType = file.xib; path = DocumentItemTableCell.xib; sourceTree = "<group>"; };
		045CC27524030A5400E90ED2 /* DocumentItemCellModel.swift */ = {isa = PBXFileReference; lastKnownFileType = sourcecode.swift; path = DocumentItemCellModel.swift; sourceTree = "<group>"; };
		045EDC6523F83AD700770FFC /* VK Document List.app */ = {isa = PBXFileReference; explicitFileType = wrapper.application; includeInIndex = 0; path = "VK Document List.app"; sourceTree = BUILT_PRODUCTS_DIR; };
		045EDC7423F83AD800770FFC /* Base */ = {isa = PBXFileReference; lastKnownFileType = file.storyboard; name = Base; path = Base.lproj/LaunchScreen.storyboard; sourceTree = "<group>"; };
		045EDC7623F83AD800770FFC /* Info.plist */ = {isa = PBXFileReference; lastKnownFileType = text.plist.xml; path = Info.plist; sourceTree = "<group>"; };
		045EDC8023F83B2700770FFC /* CollectionCell.swift */ = {isa = PBXFileReference; fileEncoding = 4; lastKnownFileType = sourcecode.swift; path = CollectionCell.swift; sourceTree = "<group>"; };
		045EDC8123F83B2700770FFC /* CollectionCellModel.swift */ = {isa = PBXFileReference; fileEncoding = 4; lastKnownFileType = sourcecode.swift; path = CollectionCellModel.swift; sourceTree = "<group>"; };
		045EDC8323F83B2700770FFC /* TableCell.swift */ = {isa = PBXFileReference; fileEncoding = 4; lastKnownFileType = sourcecode.swift; path = TableCell.swift; sourceTree = "<group>"; };
		045EDC8423F83B2700770FFC /* TableCellModel.swift */ = {isa = PBXFileReference; fileEncoding = 4; lastKnownFileType = sourcecode.swift; path = TableCellModel.swift; sourceTree = "<group>"; };
		045EDC8C23F83B2700770FFC /* AppDefaults.swift */ = {isa = PBXFileReference; fileEncoding = 4; lastKnownFileType = sourcecode.swift; path = AppDefaults.swift; sourceTree = "<group>"; };
		045EDC8D23F83B2700770FFC /* AppManager.swift */ = {isa = PBXFileReference; fileEncoding = 4; lastKnownFileType = sourcecode.swift; path = AppManager.swift; sourceTree = "<group>"; };
		045EDC8E23F83B2700770FFC /* AppDelegate.swift */ = {isa = PBXFileReference; fileEncoding = 4; lastKnownFileType = sourcecode.swift; path = AppDelegate.swift; sourceTree = "<group>"; };
		045EDC9323F83B2700770FFC /* Stylable.swift */ = {isa = PBXFileReference; fileEncoding = 4; lastKnownFileType = sourcecode.swift; path = Stylable.swift; sourceTree = "<group>"; };
		045EDC9423F83B2700770FFC /* StyleWrapper.swift */ = {isa = PBXFileReference; fileEncoding = 4; lastKnownFileType = sourcecode.swift; path = StyleWrapper.swift; sourceTree = "<group>"; };
		045EDC9523F83B2700770FFC /* AppTheme.swift */ = {isa = PBXFileReference; fileEncoding = 4; lastKnownFileType = sourcecode.swift; path = AppTheme.swift; sourceTree = "<group>"; };
		045EDC9823F83B2700770FFC /* PTRootUI.swift */ = {isa = PBXFileReference; fileEncoding = 4; lastKnownFileType = sourcecode.swift; path = PTRootUI.swift; sourceTree = "<group>"; };
		045EDC9923F83B2700770FFC /* PT Root UI_Light.otf */ = {isa = PBXFileReference; lastKnownFileType = file; path = "PT Root UI_Light.otf"; sourceTree = "<group>"; };
		045EDC9A23F83B2700770FFC /* PT Root UI_Regular.otf */ = {isa = PBXFileReference; lastKnownFileType = file; path = "PT Root UI_Regular.otf"; sourceTree = "<group>"; };
		045EDC9B23F83B2700770FFC /* PT Root UI_Bold.otf */ = {isa = PBXFileReference; lastKnownFileType = file; path = "PT Root UI_Bold.otf"; sourceTree = "<group>"; };
		045EDC9C23F83B2700770FFC /* PT Root UI_Medium.otf */ = {isa = PBXFileReference; lastKnownFileType = file; path = "PT Root UI_Medium.otf"; sourceTree = "<group>"; };
		045EDC9E23F83B2700770FFC /* Assets.xcassets */ = {isa = PBXFileReference; lastKnownFileType = folder.assetcatalog; path = Assets.xcassets; sourceTree = "<group>"; };
		045EDC9F23F83B2700770FFC /* AppAssets.swift */ = {isa = PBXFileReference; fileEncoding = 4; lastKnownFileType = sourcecode.swift; path = AppAssets.swift; sourceTree = "<group>"; };
		045EDCA423F83B2700770FFC /* UITableView+registerClass.swift */ = {isa = PBXFileReference; fileEncoding = 4; lastKnownFileType = sourcecode.swift; path = "UITableView+registerClass.swift"; sourceTree = "<group>"; };
		045EDCA523F83B2700770FFC /* String+localized.swift */ = {isa = PBXFileReference; fileEncoding = 4; lastKnownFileType = sourcecode.swift; path = "String+localized.swift"; sourceTree = "<group>"; };
		045EDCA623F83B2700770FFC /* UIColor+hex.swift */ = {isa = PBXFileReference; fileEncoding = 4; lastKnownFileType = sourcecode.swift; path = "UIColor+hex.swift"; sourceTree = "<group>"; };
		045EDCA723F83B2700770FFC /* UIViewController+identifier.swift */ = {isa = PBXFileReference; fileEncoding = 4; lastKnownFileType = sourcecode.swift; path = "UIViewController+identifier.swift"; sourceTree = "<group>"; };
		045EDCA823F83B2700770FFC /* String+className.swift */ = {isa = PBXFileReference; fileEncoding = 4; lastKnownFileType = sourcecode.swift; path = "String+className.swift"; sourceTree = "<group>"; };
		045EDCAC23F83B2700770FFC /* InitialViewModel.swift */ = {isa = PBXFileReference; fileEncoding = 4; lastKnownFileType = sourcecode.swift; path = InitialViewModel.swift; sourceTree = "<group>"; };
		045EDCAD23F83B2700770FFC /* InitialViewController.swift */ = {isa = PBXFileReference; fileEncoding = 4; lastKnownFileType = sourcecode.swift; path = InitialViewController.swift; sourceTree = "<group>"; };
		045EDCAE23F83B2700770FFC /* InitialRouter.swift */ = {isa = PBXFileReference; fileEncoding = 4; lastKnownFileType = sourcecode.swift; path = InitialRouter.swift; sourceTree = "<group>"; };
		045EDCAF23F83B2700770FFC /* InitialConfigurator.swift */ = {isa = PBXFileReference; fileEncoding = 4; lastKnownFileType = sourcecode.swift; path = InitialConfigurator.swift; sourceTree = "<group>"; };
		045EDCB023F83B2700770FFC /* InitialViewController.xib */ = {isa = PBXFileReference; fileEncoding = 4; lastKnownFileType = file.xib; path = InitialViewController.xib; sourceTree = "<group>"; };
		045EDCB223F83B2700770FFC /* BasicNavigationController.swift */ = {isa = PBXFileReference; fileEncoding = 4; lastKnownFileType = sourcecode.swift; path = BasicNavigationController.swift; sourceTree = "<group>"; };
		C2C97DCEC672B14F2675AA80 /* Pods-VK Document List.release.xcconfig */ = {isa = PBXFileReference; includeInIndex = 1; lastKnownFileType = text.xcconfig; name = "Pods-VK Document List.release.xcconfig"; path = "Target Support Files/Pods-VK Document List/Pods-VK Document List.release.xcconfig"; sourceTree = "<group>"; };
		EECC206BA65577CB7337BA5E /* Pods-VK Document List.debug.xcconfig */ = {isa = PBXFileReference; includeInIndex = 1; lastKnownFileType = text.xcconfig; name = "Pods-VK Document List.debug.xcconfig"; path = "Target Support Files/Pods-VK Document List/Pods-VK Document List.debug.xcconfig"; sourceTree = "<group>"; };
		F31A81AF5271B2EC9B482EE5 /* Pods_VK_Document_List.framework */ = {isa = PBXFileReference; explicitFileType = wrapper.framework; includeInIndex = 0; path = Pods_VK_Document_List.framework; sourceTree = BUILT_PRODUCTS_DIR; };
/* End PBXFileReference section */

/* Begin PBXFrameworksBuildPhase section */
		045EDC6223F83AD700770FFC /* Frameworks */ = {
			isa = PBXFrameworksBuildPhase;
			buildActionMask = 2147483647;
			files = (
				7D0E889F2C237DD21BE3A3EA /* Pods_VK_Document_List.framework in Frameworks */,
			);
			runOnlyForDeploymentPostprocessing = 0;
		};
/* End PBXFrameworksBuildPhase section */

/* Begin PBXGroup section */
		0447DCD52402997500AF8210 /* Keychain */ = {
			isa = PBXGroup;
			children = (
				0447DCD62402998D00AF8210 /* KeychainService.swift */,
			);
			path = Keychain;
			sourceTree = "<group>";
		};
		0447DCDA2402A80C00AF8210 /* Document List */ = {
			isa = PBXGroup;
			children = (
				0447DCDD2402A84A00AF8210 /* DocumentListConfigurator.swift */,
				0447DCDE2402A84A00AF8210 /* DocumentListRouter.swift */,
				0447DCDC2402A84A00AF8210 /* DocumentListViewController.swift */,
				0447DCDF2402A84A00AF8210 /* DocumentListViewController.xib */,
				0447DCDB2402A84A00AF8210 /* DocumentListViewModel.swift */,
			);
			path = "Document List";
			sourceTree = "<group>";
		};
		045CC25E2402EA4100E90ED2 /* User */ = {
			isa = PBXGroup;
			children = (
				045CC25F2402EA4800E90ED2 /* User.swift */,
			);
			path = User;
			sourceTree = "<group>";
		};
		045CC2612402FCE000E90ED2 /* Document */ = {
			isa = PBXGroup;
			children = (
				045CC2622402FCF400E90ED2 /* DocumentItem.swift */,
				045CC2642402FCFC00E90ED2 /* DocumentItemResponse.swift */,
			);
			path = Document;
			sourceTree = "<group>";
		};
		045CC266240300BA00E90ED2 /* General */ = {
			isa = PBXGroup;
			children = (
				045CC2612402FCE000E90ED2 /* Document */,
				045CC25E2402EA4100E90ED2 /* User */,
			);
			path = General;
			sourceTree = "<group>";
		};
		045CC267240300C400E90ED2 /* Document List */ = {
			isa = PBXGroup;
			children = (
				045CC26B2403029900E90ED2 /* Error */,
				045CC26A2403029500E90ED2 /* Response */,
			);
			path = "Document List";
			sourceTree = "<group>";
		};
		045CC26A2403029500E90ED2 /* Response */ = {
			isa = PBXGroup;
			children = (
				045CC268240300E300E90ED2 /* DocumentListResponse.swift */,
			);
			path = Response;
			sourceTree = "<group>";
		};
		045CC26B2403029900E90ED2 /* Error */ = {
			isa = PBXGroup;
			children = (
				045CC26C240302D300E90ED2 /* DocumentListError.swift */,
			);
			path = Error;
			sourceTree = "<group>";
		};
		045CC26E24030A2A00E90ED2 /* Document List */ = {
			isa = PBXGroup;
			children = (
				045CC26F24030A2F00E90ED2 /* Table Cell */,
			);
			path = "Document List";
			sourceTree = "<group>";
		};
		045CC26F24030A2F00E90ED2 /* Table Cell */ = {
			isa = PBXGroup;
			children = (
				045CC27024030A3100E90ED2 /* Document Item */,
			);
			path = "Table Cell";
			sourceTree = "<group>";
		};
		045CC27024030A3100E90ED2 /* Document Item */ = {
			isa = PBXGroup;
			children = (
				045CC27524030A5400E90ED2 /* DocumentItemCellModel.swift */,
				045CC27124030A4500E90ED2 /* DocumentItemTableCell.swift */,
				045CC27224030A4500E90ED2 /* DocumentItemTableCell.xib */,
			);
			path = "Document Item";
			sourceTree = "<group>";
		};
		045EDC5C23F83AD700770FFC = {
			isa = PBXGroup;
			children = (
				045EDC6723F83AD700770FFC /* VK Document List */,
				045EDC6623F83AD700770FFC /* Products */,
				C91F470D5A8BDE29E832AEEC /* Pods */,
				262D4C4069FA7996C1A5B9E7 /* Frameworks */,
			);
			sourceTree = "<group>";
		};
		045EDC6623F83AD700770FFC /* Products */ = {
			isa = PBXGroup;
			children = (
				045EDC6523F83AD700770FFC /* VK Document List.app */,
			);
			name = Products;
			sourceTree = "<group>";
		};
		045EDC6723F83AD700770FFC /* VK Document List */ = {
			isa = PBXGroup;
			children = (
				045EDC8A23F83B2700770FFC /* Application Layer */,
				045EDC7C23F83B2700770FFC /* Data Layer */,
				045EDCA223F83B2700770FFC /* Domain Layer */,
				045EDCA923F83B2700770FFC /* Presentation Layer */,
				045EDC7D23F83B2700770FFC /* Service Layer */,
			);
			path = "VK Document List";
			sourceTree = "<group>";
		};
		045EDC7C23F83B2700770FFC /* Data Layer */ = {
			isa = PBXGroup;
			children = (
				045CC267240300C400E90ED2 /* Document List */,
				045CC266240300BA00E90ED2 /* General */,
			);
			path = "Data Layer";
			sourceTree = "<group>";
		};
		045EDC7D23F83B2700770FFC /* Service Layer */ = {
			isa = PBXGroup;
			children = (
				0447DCD52402997500AF8210 /* Keychain */,
				045EDC7E23F83B2700770FFC /* Representable */,
			);
			path = "Service Layer";
			sourceTree = "<group>";
		};
		045EDC7E23F83B2700770FFC /* Representable */ = {
			isa = PBXGroup;
			children = (
				045EDC7F23F83B2700770FFC /* Collection */,
				045EDC8223F83B2700770FFC /* Table */,
			);
			path = Representable;
			sourceTree = "<group>";
		};
		045EDC7F23F83B2700770FFC /* Collection */ = {
			isa = PBXGroup;
			children = (
				045EDC8023F83B2700770FFC /* CollectionCell.swift */,
				045EDC8123F83B2700770FFC /* CollectionCellModel.swift */,
			);
			path = Collection;
			sourceTree = "<group>";
		};
		045EDC8223F83B2700770FFC /* Table */ = {
			isa = PBXGroup;
			children = (
				045EDC8323F83B2700770FFC /* TableCell.swift */,
				045EDC8423F83B2700770FFC /* TableCellModel.swift */,
			);
			path = Table;
			sourceTree = "<group>";
		};
		045EDC8A23F83B2700770FFC /* Application Layer */ = {
			isa = PBXGroup;
			children = (
				045EDC7623F83AD800770FFC /* Info.plist */,
				0447DCD82402A45400AF8210 /* AppConfiguration.swift */,
				045EDC8C23F83B2700770FFC /* AppDefaults.swift */,
				045EDC8E23F83B2700770FFC /* AppDelegate.swift */,
				045EDC8D23F83B2700770FFC /* AppManager.swift */,
				045EDC7323F83AD800770FFC /* LaunchScreen.storyboard */,
				045EDC9023F83B2700770FFC /* Resourses */,
			);
			path = "Application Layer";
			sourceTree = "<group>";
		};
		045EDC9023F83B2700770FFC /* Resourses */ = {
			isa = PBXGroup;
			children = (
				045EDC9D23F83B2700770FFC /* Assets */,
				045EDCA023F83B2700770FFC /* Localization */,
				045EDC9123F83B2700770FFC /* Style */,
			);
			path = Resourses;
			sourceTree = "<group>";
		};
		045EDC9123F83B2700770FFC /* Style */ = {
			isa = PBXGroup;
			children = (
				045EDC9523F83B2700770FFC /* AppTheme.swift */,
				045EDC9223F83B2700770FFC /* Components */,
				045EDC9623F83B2700770FFC /* Fonts */,
			);
			path = Style;
			sourceTree = "<group>";
		};
		045EDC9223F83B2700770FFC /* Components */ = {
			isa = PBXGroup;
			children = (
				045EDC9323F83B2700770FFC /* Stylable.swift */,
				045EDC9423F83B2700770FFC /* StyleWrapper.swift */,
			);
			path = Components;
			sourceTree = "<group>";
		};
		045EDC9623F83B2700770FFC /* Fonts */ = {
			isa = PBXGroup;
			children = (
				045EDC9723F83B2700770FFC /* PTRootUI */,
			);
			path = Fonts;
			sourceTree = "<group>";
		};
		045EDC9723F83B2700770FFC /* PTRootUI */ = {
			isa = PBXGroup;
			children = (
				045EDC9B23F83B2700770FFC /* PT Root UI_Bold.otf */,
				045EDC9923F83B2700770FFC /* PT Root UI_Light.otf */,
				045EDC9C23F83B2700770FFC /* PT Root UI_Medium.otf */,
				045EDC9A23F83B2700770FFC /* PT Root UI_Regular.otf */,
				045EDC9823F83B2700770FFC /* PTRootUI.swift */,
			);
			path = PTRootUI;
			sourceTree = "<group>";
		};
		045EDC9D23F83B2700770FFC /* Assets */ = {
			isa = PBXGroup;
			children = (
				045EDC9F23F83B2700770FFC /* AppAssets.swift */,
				045EDC9E23F83B2700770FFC /* Assets.xcassets */,
			);
			path = Assets;
			sourceTree = "<group>";
		};
		045EDCA023F83B2700770FFC /* Localization */ = {
			isa = PBXGroup;
			children = (
				045CC25B2402DC9200E90ED2 /* Localizable.strings */,
			);
			path = Localization;
			sourceTree = "<group>";
		};
		045EDCA223F83B2700770FFC /* Domain Layer */ = {
			isa = PBXGroup;
			children = (
				045EDCA323F83B2700770FFC /* Extensions */,
			);
			path = "Domain Layer";
			sourceTree = "<group>";
		};
		045EDCA323F83B2700770FFC /* Extensions */ = {
			isa = PBXGroup;
			children = (
				045EDCA823F83B2700770FFC /* String+className.swift */,
				045EDCA523F83B2700770FFC /* String+localized.swift */,
				045EDCA623F83B2700770FFC /* UIColor+hex.swift */,
				045CC2572402DBFB00E90ED2 /* UINavigationController+setTransparent.swift */,
				045EDCA423F83B2700770FFC /* UITableView+registerClass.swift */,
				045EDCA723F83B2700770FFC /* UIViewController+identifier.swift */,
			);
			path = Extensions;
			sourceTree = "<group>";
		};
		045EDCA923F83B2700770FFC /* Presentation Layer */ = {
			isa = PBXGroup;
			children = (
				045EDCB323F83B2700770FFC /* Components */,
				045EDCB123F83B2700770FFC /* Navigation */,
				045EDCAA23F83B2700770FFC /* User Stories */,
			);
			path = "Presentation Layer";
			sourceTree = "<group>";
		};
		045EDCAA23F83B2700770FFC /* User Stories */ = {
			isa = PBXGroup;
			children = (
				0447DCDA2402A80C00AF8210 /* Document List */,
				045EDCAB23F83B2700770FFC /* Initial */,
			);
			path = "User Stories";
			sourceTree = "<group>";
		};
		045EDCAB23F83B2700770FFC /* Initial */ = {
			isa = PBXGroup;
			children = (
				045EDCAF23F83B2700770FFC /* InitialConfigurator.swift */,
				045EDCAE23F83B2700770FFC /* InitialRouter.swift */,
				045EDCAD23F83B2700770FFC /* InitialViewController.swift */,
				045EDCB023F83B2700770FFC /* InitialViewController.xib */,
				045EDCAC23F83B2700770FFC /* InitialViewModel.swift */,
			);
			path = Initial;
			sourceTree = "<group>";
		};
		045EDCB123F83B2700770FFC /* Navigation */ = {
			isa = PBXGroup;
			children = (
				045EDCB223F83B2700770FFC /* BasicNavigationController.swift */,
			);
			path = Navigation;
			sourceTree = "<group>";
		};
		045EDCB323F83B2700770FFC /* Components */ = {
			isa = PBXGroup;
			children = (
				045CC26E24030A2A00E90ED2 /* Document List */,
			);
			path = Components;
			sourceTree = "<group>";
		};
		262D4C4069FA7996C1A5B9E7 /* Frameworks */ = {
			isa = PBXGroup;
			children = (
				F31A81AF5271B2EC9B482EE5 /* Pods_VK_Document_List.framework */,
			);
			name = Frameworks;
			sourceTree = "<group>";
		};
		C91F470D5A8BDE29E832AEEC /* Pods */ = {
			isa = PBXGroup;
			children = (
				EECC206BA65577CB7337BA5E /* Pods-VK Document List.debug.xcconfig */,
				C2C97DCEC672B14F2675AA80 /* Pods-VK Document List.release.xcconfig */,
			);
			path = Pods;
			sourceTree = "<group>";
		};
/* End PBXGroup section */

/* Begin PBXNativeTarget section */
		045EDC6423F83AD700770FFC /* VK Document List */ = {
			isa = PBXNativeTarget;
			buildConfigurationList = 045EDC7923F83AD800770FFC /* Build configuration list for PBXNativeTarget "VK Document List" */;
			buildPhases = (
				F6415BB38E45EEF343BF58F7 /* [CP] Check Pods Manifest.lock */,
				045EDC6123F83AD700770FFC /* Sources */,
				045EDC6223F83AD700770FFC /* Frameworks */,
				045EDC6323F83AD700770FFC /* Resources */,
				045EDCD723F83DA900770FFC /* ShellScript */,
				1FCF9657F108D20D5B11999E /* [CP] Embed Pods Frameworks */,
			);
			buildRules = (
			);
			dependencies = (
			);
			name = "VK Document List";
			productName = "Base Project";
			productReference = 045EDC6523F83AD700770FFC /* VK Document List.app */;
			productType = "com.apple.product-type.application";
		};
/* End PBXNativeTarget section */

/* Begin PBXProject section */
		045EDC5D23F83AD700770FFC /* Project object */ = {
			isa = PBXProject;
			attributes = {
				LastSwiftUpdateCheck = 1130;
				LastUpgradeCheck = 1130;
				ORGANIZATIONNAME = "Vladislav Markov";
				TargetAttributes = {
					045EDC6423F83AD700770FFC = {
						CreatedOnToolsVersion = 11.3.1;
					};
				};
			};
			buildConfigurationList = 045EDC6023F83AD700770FFC /* Build configuration list for PBXProject "VK Document List" */;
			compatibilityVersion = "Xcode 9.3";
			developmentRegion = en;
			hasScannedForEncodings = 0;
			knownRegions = (
				en,
				Base,
				"ru-RU",
			);
			mainGroup = 045EDC5C23F83AD700770FFC;
			productRefGroup = 045EDC6623F83AD700770FFC /* Products */;
			projectDirPath = "";
			projectRoot = "";
			targets = (
				045EDC6423F83AD700770FFC /* VK Document List */,
			);
		};
/* End PBXProject section */

/* Begin PBXResourcesBuildPhase section */
		045EDC6323F83AD700770FFC /* Resources */ = {
			isa = PBXResourcesBuildPhase;
			buildActionMask = 2147483647;
			files = (
				045EDCD823F83E2500770FFC /* LaunchScreen.storyboard in Resources */,
				045CC2592402DC9200E90ED2 /* Localizable.strings in Resources */,
				045EDCC823F83B2700770FFC /* Assets.xcassets in Resources */,
				045EDCC623F83B2700770FFC /* PT Root UI_Bold.otf in Resources */,
				045EDCC523F83B2700770FFC /* PT Root UI_Regular.otf in Resources */,
				045EDCD423F83B2700770FFC /* InitialViewController.xib in Resources */,
				045EDCC423F83B2700770FFC /* PT Root UI_Light.otf in Resources */,
				0447DCE42402A84A00AF8210 /* DocumentListViewController.xib in Resources */,
				045CC27424030A4500E90ED2 /* DocumentItemTableCell.xib in Resources */,
				045EDCC723F83B2700770FFC /* PT Root UI_Medium.otf in Resources */,
			);
			runOnlyForDeploymentPostprocessing = 0;
		};
/* End PBXResourcesBuildPhase section */

/* Begin PBXShellScriptBuildPhase section */
		045EDCD723F83DA900770FFC /* ShellScript */ = {
			isa = PBXShellScriptBuildPhase;
			buildActionMask = 2147483647;
			files = (
			);
			inputFileListPaths = (
			);
			inputPaths = (
			);
			outputFileListPaths = (
			);
			outputPaths = (
			);
			runOnlyForDeploymentPostprocessing = 0;
			shellPath = /bin/sh;
			shellScript = "if which swiftlint >/dev/null; then\nswiftlint\nelse\necho \"warning: SwiftLint not installed, download from https://github.com/realm/SwiftLint\"\nfi\n";
		};
		1FCF9657F108D20D5B11999E /* [CP] Embed Pods Frameworks */ = {
			isa = PBXShellScriptBuildPhase;
			buildActionMask = 2147483647;
			files = (
			);
			inputFileListPaths = (
				"${PODS_ROOT}/Target Support Files/Pods-VK Document List/Pods-VK Document List-frameworks-${CONFIGURATION}-input-files.xcfilelist",
			);
			name = "[CP] Embed Pods Frameworks";
			outputFileListPaths = (
				"${PODS_ROOT}/Target Support Files/Pods-VK Document List/Pods-VK Document List-frameworks-${CONFIGURATION}-output-files.xcfilelist",
			);
			runOnlyForDeploymentPostprocessing = 0;
			shellPath = /bin/sh;
			shellScript = "\"${PODS_ROOT}/Target Support Files/Pods-VK Document List/Pods-VK Document List-frameworks.sh\"\n";
			showEnvVarsInLog = 0;
		};
		F6415BB38E45EEF343BF58F7 /* [CP] Check Pods Manifest.lock */ = {
			isa = PBXShellScriptBuildPhase;
			buildActionMask = 2147483647;
			files = (
			);
			inputFileListPaths = (
			);
			inputPaths = (
				"${PODS_PODFILE_DIR_PATH}/Podfile.lock",
				"${PODS_ROOT}/Manifest.lock",
			);
			name = "[CP] Check Pods Manifest.lock";
			outputFileListPaths = (
			);
			outputPaths = (
				"$(DERIVED_FILE_DIR)/Pods-VK Document List-checkManifestLockResult.txt",
			);
			runOnlyForDeploymentPostprocessing = 0;
			shellPath = /bin/sh;
			shellScript = "diff \"${PODS_PODFILE_DIR_PATH}/Podfile.lock\" \"${PODS_ROOT}/Manifest.lock\" > /dev/null\nif [ $? != 0 ] ; then\n    # print error to STDERR\n    echo \"error: The sandbox is not in sync with the Podfile.lock. Run 'pod install' or update your CocoaPods installation.\" >&2\n    exit 1\nfi\n# This output is used by Xcode 'outputs' to avoid re-running this script phase.\necho \"SUCCESS\" > \"${SCRIPT_OUTPUT_FILE_0}\"\n";
			showEnvVarsInLog = 0;
		};
/* End PBXShellScriptBuildPhase section */

/* Begin PBXSourcesBuildPhase section */
		045EDC6123F83AD700770FFC /* Sources */ = {
			isa = PBXSourcesBuildPhase;
			buildActionMask = 2147483647;
			files = (
				045EDCBE23F83B2700770FFC /* AppDelegate.swift in Sources */,
				045EDCB723F83B2700770FFC /* TableCell.swift in Sources */,
				045EDCBD23F83B2700770FFC /* AppManager.swift in Sources */,
				045CC26D240302D300E90ED2 /* DocumentListError.swift in Sources */,
				045EDCB823F83B2700770FFC /* TableCellModel.swift in Sources */,
				045EDCBC23F83B2700770FFC /* AppDefaults.swift in Sources */,
				0447DCE22402A84A00AF8210 /* DocumentListConfigurator.swift in Sources */,
				0447DCD72402998D00AF8210 /* KeychainService.swift in Sources */,
				045EDCB623F83B2700770FFC /* CollectionCellModel.swift in Sources */,
				045CC2602402EA4800E90ED2 /* User.swift in Sources */,
				045CC2582402DBFB00E90ED2 /* UINavigationController+setTransparent.swift in Sources */,
				045CC2632402FCF400E90ED2 /* DocumentItem.swift in Sources */,
				045EDCD023F83B2700770FFC /* InitialViewModel.swift in Sources */,
				045CC27624030A5400E90ED2 /* DocumentItemCellModel.swift in Sources */,
				045EDCC223F83B2700770FFC /* AppTheme.swift in Sources */,
				045EDCD223F83B2700770FFC /* InitialRouter.swift in Sources */,
				045EDCD523F83B2700770FFC /* BasicNavigationController.swift in Sources */,
				045CC27324030A4500E90ED2 /* DocumentItemTableCell.swift in Sources */,
				045EDCCE23F83B2700770FFC /* UIViewController+identifier.swift in Sources */,
				045EDCC023F83B2700770FFC /* Stylable.swift in Sources */,
				045EDCD123F83B2700770FFC /* InitialViewController.swift in Sources */,
				045CC2652402FCFC00E90ED2 /* DocumentItemResponse.swift in Sources */,
				045EDCC123F83B2700770FFC /* StyleWrapper.swift in Sources */,
				045EDCC323F83B2700770FFC /* PTRootUI.swift in Sources */,
				045EDCC923F83B2700770FFC /* AppAssets.swift in Sources */,
				045EDCCB23F83B2700770FFC /* UITableView+registerClass.swift in Sources */,
				0447DCE12402A84A00AF8210 /* DocumentListViewController.swift in Sources */,
				0447DCD92402A45400AF8210 /* AppConfiguration.swift in Sources */,
				045EDCCD23F83B2700770FFC /* UIColor+hex.swift in Sources */,
				045CC269240300E300E90ED2 /* DocumentListResponse.swift in Sources */,
				045EDCD323F83B2700770FFC /* InitialConfigurator.swift in Sources */,
				0447DCE32402A84A00AF8210 /* DocumentListRouter.swift in Sources */,
				045EDCCC23F83B2700770FFC /* String+localized.swift in Sources */,
				045EDCCF23F83B2700770FFC /* String+className.swift in Sources */,
				045EDCB523F83B2700770FFC /* CollectionCell.swift in Sources */,
				0447DCE02402A84A00AF8210 /* DocumentListViewModel.swift in Sources */,
			);
			runOnlyForDeploymentPostprocessing = 0;
		};
/* End PBXSourcesBuildPhase section */

/* Begin PBXVariantGroup section */
		045CC25B2402DC9200E90ED2 /* Localizable.strings */ = {
			isa = PBXVariantGroup;
			children = (
				045CC25A2402DC9200E90ED2 /* en */,
				045CC25D2402DD0A00E90ED2 /* ru-RU */,
			);
			name = Localizable.strings;
			sourceTree = "<group>";
		};
		045EDC7323F83AD800770FFC /* LaunchScreen.storyboard */ = {
			isa = PBXVariantGroup;
			children = (
				045EDC7423F83AD800770FFC /* Base */,
				045CC25C2402DD0A00E90ED2 /* ru-RU */,
			);
			name = LaunchScreen.storyboard;
			sourceTree = "<group>";
		};
/* End PBXVariantGroup section */

/* Begin XCBuildConfiguration section */
		045EDC7723F83AD800770FFC /* Debug */ = {
			isa = XCBuildConfiguration;
			buildSettings = {
				ALWAYS_SEARCH_USER_PATHS = NO;
				CLANG_ANALYZER_LOCALIZABILITY_NONLOCALIZED = YES;
				CLANG_ANALYZER_NONNULL = YES;
				CLANG_ANALYZER_NUMBER_OBJECT_CONVERSION = YES_AGGRESSIVE;
				CLANG_CXX_LANGUAGE_STANDARD = "gnu++14";
				CLANG_CXX_LIBRARY = "libc++";
				CLANG_ENABLE_MODULES = YES;
				CLANG_ENABLE_OBJC_ARC = YES;
				CLANG_ENABLE_OBJC_WEAK = YES;
				CLANG_WARN_BLOCK_CAPTURE_AUTORELEASING = YES;
				CLANG_WARN_BOOL_CONVERSION = YES;
				CLANG_WARN_COMMA = YES;
				CLANG_WARN_CONSTANT_CONVERSION = YES;
				CLANG_WARN_DEPRECATED_OBJC_IMPLEMENTATIONS = YES;
				CLANG_WARN_DIRECT_OBJC_ISA_USAGE = YES_ERROR;
				CLANG_WARN_DOCUMENTATION_COMMENTS = YES;
				CLANG_WARN_EMPTY_BODY = YES;
				CLANG_WARN_ENUM_CONVERSION = YES;
				CLANG_WARN_INFINITE_RECURSION = YES;
				CLANG_WARN_INT_CONVERSION = YES;
				CLANG_WARN_NON_LITERAL_NULL_CONVERSION = YES;
				CLANG_WARN_OBJC_IMPLICIT_RETAIN_SELF = YES;
				CLANG_WARN_OBJC_LITERAL_CONVERSION = YES;
				CLANG_WARN_OBJC_ROOT_CLASS = YES_ERROR;
				CLANG_WARN_RANGE_LOOP_ANALYSIS = YES;
				CLANG_WARN_STRICT_PROTOTYPES = YES;
				CLANG_WARN_SUSPICIOUS_MOVE = YES;
				CLANG_WARN_UNGUARDED_AVAILABILITY = YES_AGGRESSIVE;
				CLANG_WARN_UNREACHABLE_CODE = YES;
				CLANG_WARN__DUPLICATE_METHOD_MATCH = YES;
				COPY_PHASE_STRIP = NO;
				DEBUG_INFORMATION_FORMAT = dwarf;
				ENABLE_STRICT_OBJC_MSGSEND = YES;
				ENABLE_TESTABILITY = YES;
				GCC_C_LANGUAGE_STANDARD = gnu11;
				GCC_DYNAMIC_NO_PIC = NO;
				GCC_NO_COMMON_BLOCKS = YES;
				GCC_OPTIMIZATION_LEVEL = 0;
				GCC_PREPROCESSOR_DEFINITIONS = (
					"DEBUG=1",
					"$(inherited)",
				);
				GCC_WARN_64_TO_32_BIT_CONVERSION = YES;
				GCC_WARN_ABOUT_RETURN_TYPE = YES_ERROR;
				GCC_WARN_UNDECLARED_SELECTOR = YES;
				GCC_WARN_UNINITIALIZED_AUTOS = YES_AGGRESSIVE;
				GCC_WARN_UNUSED_FUNCTION = YES;
				GCC_WARN_UNUSED_VARIABLE = YES;
				IPHONEOS_DEPLOYMENT_TARGET = 13.2;
				MTL_ENABLE_DEBUG_INFO = INCLUDE_SOURCE;
				MTL_FAST_MATH = YES;
				ONLY_ACTIVE_ARCH = YES;
				SDKROOT = iphoneos;
				SWIFT_ACTIVE_COMPILATION_CONDITIONS = DEBUG;
				SWIFT_OPTIMIZATION_LEVEL = "-Onone";
			};
			name = Debug;
		};
		045EDC7823F83AD800770FFC /* Release */ = {
			isa = XCBuildConfiguration;
			buildSettings = {
				ALWAYS_SEARCH_USER_PATHS = NO;
				CLANG_ANALYZER_LOCALIZABILITY_NONLOCALIZED = YES;
				CLANG_ANALYZER_NONNULL = YES;
				CLANG_ANALYZER_NUMBER_OBJECT_CONVERSION = YES_AGGRESSIVE;
				CLANG_CXX_LANGUAGE_STANDARD = "gnu++14";
				CLANG_CXX_LIBRARY = "libc++";
				CLANG_ENABLE_MODULES = YES;
				CLANG_ENABLE_OBJC_ARC = YES;
				CLANG_ENABLE_OBJC_WEAK = YES;
				CLANG_WARN_BLOCK_CAPTURE_AUTORELEASING = YES;
				CLANG_WARN_BOOL_CONVERSION = YES;
				CLANG_WARN_COMMA = YES;
				CLANG_WARN_CONSTANT_CONVERSION = YES;
				CLANG_WARN_DEPRECATED_OBJC_IMPLEMENTATIONS = YES;
				CLANG_WARN_DIRECT_OBJC_ISA_USAGE = YES_ERROR;
				CLANG_WARN_DOCUMENTATION_COMMENTS = YES;
				CLANG_WARN_EMPTY_BODY = YES;
				CLANG_WARN_ENUM_CONVERSION = YES;
				CLANG_WARN_INFINITE_RECURSION = YES;
				CLANG_WARN_INT_CONVERSION = YES;
				CLANG_WARN_NON_LITERAL_NULL_CONVERSION = YES;
				CLANG_WARN_OBJC_IMPLICIT_RETAIN_SELF = YES;
				CLANG_WARN_OBJC_LITERAL_CONVERSION = YES;
				CLANG_WARN_OBJC_ROOT_CLASS = YES_ERROR;
				CLANG_WARN_RANGE_LOOP_ANALYSIS = YES;
				CLANG_WARN_STRICT_PROTOTYPES = YES;
				CLANG_WARN_SUSPICIOUS_MOVE = YES;
				CLANG_WARN_UNGUARDED_AVAILABILITY = YES_AGGRESSIVE;
				CLANG_WARN_UNREACHABLE_CODE = YES;
				CLANG_WARN__DUPLICATE_METHOD_MATCH = YES;
				COPY_PHASE_STRIP = NO;
				DEBUG_INFORMATION_FORMAT = "dwarf-with-dsym";
				ENABLE_NS_ASSERTIONS = NO;
				ENABLE_STRICT_OBJC_MSGSEND = YES;
				GCC_C_LANGUAGE_STANDARD = gnu11;
				GCC_NO_COMMON_BLOCKS = YES;
				GCC_WARN_64_TO_32_BIT_CONVERSION = YES;
				GCC_WARN_ABOUT_RETURN_TYPE = YES_ERROR;
				GCC_WARN_UNDECLARED_SELECTOR = YES;
				GCC_WARN_UNINITIALIZED_AUTOS = YES_AGGRESSIVE;
				GCC_WARN_UNUSED_FUNCTION = YES;
				GCC_WARN_UNUSED_VARIABLE = YES;
				IPHONEOS_DEPLOYMENT_TARGET = 13.2;
				MTL_ENABLE_DEBUG_INFO = NO;
				MTL_FAST_MATH = YES;
				SDKROOT = iphoneos;
				SWIFT_COMPILATION_MODE = wholemodule;
				SWIFT_OPTIMIZATION_LEVEL = "-O";
				VALIDATE_PRODUCT = YES;
			};
			name = Release;
		};
		045EDC7A23F83AD800770FFC /* Debug */ = {
			isa = XCBuildConfiguration;
			baseConfigurationReference = EECC206BA65577CB7337BA5E /* Pods-VK Document List.debug.xcconfig */;
			buildSettings = {
				ASSETCATALOG_COMPILER_APPICON_NAME = AppIcon;
				CODE_SIGN_STYLE = Automatic;
				DEVELOPMENT_TEAM = TV76LZZGYZ;
				INFOPLIST_FILE = "VK Document List/Application Layer/Info.plist";
				IPHONEOS_DEPLOYMENT_TARGET = 10.0;
				LD_RUNPATH_SEARCH_PATHS = (
					"$(inherited)",
					"@executable_path/Frameworks",
				);
				PRODUCT_BUNDLE_IDENTIFIER = markov.vladislav.VKDocumentList;
				PRODUCT_NAME = "$(TARGET_NAME)";
				SWIFT_VERSION = 5.0;
				TARGETED_DEVICE_FAMILY = 1;
			};
			name = Debug;
		};
		045EDC7B23F83AD800770FFC /* Release */ = {
			isa = XCBuildConfiguration;
			baseConfigurationReference = C2C97DCEC672B14F2675AA80 /* Pods-VK Document List.release.xcconfig */;
			buildSettings = {
				ASSETCATALOG_COMPILER_APPICON_NAME = AppIcon;
				CODE_SIGN_STYLE = Automatic;
				DEVELOPMENT_TEAM = TV76LZZGYZ;
				INFOPLIST_FILE = "VK Document List/Application Layer/Info.plist";
				IPHONEOS_DEPLOYMENT_TARGET = 10.0;
				LD_RUNPATH_SEARCH_PATHS = (
					"$(inherited)",
					"@executable_path/Frameworks",
				);
				PRODUCT_BUNDLE_IDENTIFIER = markov.vladislav.VKDocumentList;
				PRODUCT_NAME = "$(TARGET_NAME)";
				SWIFT_VERSION = 5.0;
				TARGETED_DEVICE_FAMILY = 1;
			};
			name = Release;
		};
/* End XCBuildConfiguration section */

/* Begin XCConfigurationList section */
		045EDC6023F83AD700770FFC /* Build configuration list for PBXProject "VK Document List" */ = {
			isa = XCConfigurationList;
			buildConfigurations = (
				045EDC7723F83AD800770FFC /* Debug */,
				045EDC7823F83AD800770FFC /* Release */,
			);
			defaultConfigurationIsVisible = 0;
			defaultConfigurationName = Release;
		};
		045EDC7923F83AD800770FFC /* Build configuration list for PBXNativeTarget "VK Document List" */ = {
			isa = XCConfigurationList;
			buildConfigurations = (
				045EDC7A23F83AD800770FFC /* Debug */,
				045EDC7B23F83AD800770FFC /* Release */,
			);
			defaultConfigurationIsVisible = 0;
			defaultConfigurationName = Release;
		};
/* End XCConfigurationList section */
	};
	rootObject = 045EDC5D23F83AD700770FFC /* Project object */;
}
